
Microsoft Visual Studio Solution File, Format Version 12.00
# Visual Studio Version 16
VisualStudioVersion = 16.0.29728.190
MinimumVisualStudioVersion = 10.0.40219.1
Project("{FAE04EC0-301F-11D3-BF4B-00C04F79EFBC}") = "BcFileTool", "BcFileTool\BcFileTool.csproj", "{F5EB69CF-7A3C-4CED-B039-907F66E1DA6D}"
EndProject
Project("{FAE04EC0-301F-11D3-BF4B-00C04F79EFBC}") = "BcFileTool.Library", "BcFileTool.Library\BcFileTool.Library.csproj", "{92648BE8-7AB1-4D75-9158-CAED956F0CF0}"
EndProject
Global
	GlobalSection(SolutionConfigurationPlatforms) = preSolution
		Debug|Any CPU = Debug|Any CPU
		Release|Any CPU = Release|Any CPU
	EndGlobalSection
	GlobalSection(ProjectConfigurationPlatforms) = postSolution
		{F5EB69CF-7A3C-4CED-B039-907F66E1DA6D}.Debug|Any CPU.ActiveCfg = Debug|Any CPU
		{F5EB69CF-7A3C-4CED-B039-907F66E1DA6D}.Debug|Any CPU.Build.0 = Debug|Any CPU
		{F5EB69CF-7A3C-4CED-B039-907F66E1DA6D}.Release|Any CPU.ActiveCfg = Release|Any CPU
		{F5EB69CF-7A3C-4CED-B039-907F66E1DA6D}.Release|Any CPU.Build.0 = Release|Any CPU
		{92648BE8-7AB1-4D75-9158-CAED956F0CF0}.Debug|Any CPU.ActiveCfg = Debug|Any CPU
		{92648BE8-7AB1-4D75-9158-CAED956F0CF0}.Debug|Any CPU.Build.0 = Debug|Any CPU
		{92648BE8-7AB1-4D75-9158-CAED956F0CF0}.Release|Any CPU.ActiveCfg = Release|Any CPU
		{92648BE8-7AB1-4D75-9158-CAED956F0CF0}.Release|Any CPU.Build.0 = Release|Any CPU
	EndGlobalSection
	GlobalSection(SolutionProperties) = preSolution
		HideSolutionNode = FALSE
	EndGlobalSection
	GlobalSection(ExtensibilityGlobals) = postSolution
		SolutionGuid = {6118A4EB-79EC-4637-90B7-8075EC73727D}
	EndGlobalSection
EndGlobal
